
Microsoft Visual Studio Solution File, Format Version 12.00
# Visual Studio 15
VisualStudioVersion = 15.0.27703.2042
MinimumVisualStudioVersion = 10.0.40219.1
Project("{FAE04EC0-301F-11D3-BF4B-00C04F79EFBC}") = "Tasarim", "Tasarim\Tasarim.csproj", "{57DC732D-1154-4EDF-86E3-FA9CF6BA699D}"
EndProject
Project("{FAE04EC0-301F-11D3-BF4B-00C04F79EFBC}") = "Sayfalar", "Sayfalar\Sayfalar.csproj", "{037D80E8-D7A1-41C2-AE12-A4F960E4DEB1}"
EndProject
Project("{FAE04EC0-301F-11D3-BF4B-00C04F79EFBC}") = "VeriTabani", "VeriTabani\VeriTabani.csproj", "{13FFA4EA-1CAC-4E5F-A6D2-7032399B717F}"
EndProject
Global
	GlobalSection(SolutionConfigurationPlatforms) = preSolution
		Debug|Any CPU = Debug|Any CPU
		Release|Any CPU = Release|Any CPU
	EndGlobalSection
	GlobalSection(ProjectConfigurationPlatforms) = postSolution
		{57DC732D-1154-4EDF-86E3-FA9CF6BA699D}.Debug|Any CPU.ActiveCfg = Debug|Any CPU
		{57DC732D-1154-4EDF-86E3-FA9CF6BA699D}.Debug|Any CPU.Build.0 = Debug|Any CPU
		{57DC732D-1154-4EDF-86E3-FA9CF6BA699D}.Release|Any CPU.ActiveCfg = Release|Any CPU
		{57DC732D-1154-4EDF-86E3-FA9CF6BA699D}.Release|Any CPU.Build.0 = Release|Any CPU
		{037D80E8-D7A1-41C2-AE12-A4F960E4DEB1}.Debug|Any CPU.ActiveCfg = Debug|Any CPU
		{037D80E8-D7A1-41C2-AE12-A4F960E4DEB1}.Debug|Any CPU.Build.0 = Debug|Any CPU
		{037D80E8-D7A1-41C2-AE12-A4F960E4DEB1}.Release|Any CPU.ActiveCfg = Release|Any CPU
		{037D80E8-D7A1-41C2-AE12-A4F960E4DEB1}.Release|Any CPU.Build.0 = Release|Any CPU
		{13FFA4EA-1CAC-4E5F-A6D2-7032399B717F}.Debug|Any CPU.ActiveCfg = Debug|Any CPU
		{13FFA4EA-1CAC-4E5F-A6D2-7032399B717F}.Debug|Any CPU.Build.0 = Debug|Any CPU
		{13FFA4EA-1CAC-4E5F-A6D2-7032399B717F}.Release|Any CPU.ActiveCfg = Release|Any CPU
		{13FFA4EA-1CAC-4E5F-A6D2-7032399B717F}.Release|Any CPU.Build.0 = Release|Any CPU
	EndGlobalSection
	GlobalSection(SolutionProperties) = preSolution
		HideSolutionNode = FALSE
	EndGlobalSection
	GlobalSection(ExtensibilityGlobals) = postSolution
		SolutionGuid = {B6529BE3-EBF9-4EA4-A971-660593189CAB}
	EndGlobalSection
EndGlobal
